
Microsoft Visual Studio Solution File, Format Version 11.00
# Visual Studio 2010
Project("{FAE04EC0-301F-11D3-BF4B-00C04F79EFBC}") = "CPD Group Project - T2xN", "Assembly-CSharp-firstpass.csproj", "{95D39ECA-9A74-2C75-61F3-F3EA208E50D3}"
EndProject
Project("{FAE04EC0-301F-11D3-BF4B-00C04F79EFBC}") = "CPD Group Project - T2xN", "Assembly-CSharp.csproj", "{6095F02C-E875-EDD9-4056-A3A740441442}"
EndProject
Project("{FAE04EC0-301F-11D3-BF4B-00C04F79EFBC}") = "CPD Group Project - T2xN", "Assembly-CSharp-Editor-firstpass.csproj", "{DF1EBABE-F9D8-7574-AF4F-CF77C8235B83}"
EndProject
Global
	GlobalSection(SolutionConfigurationPlatforms) = preSolution
		Debug|Any CPU = Debug|Any CPU
		Release|Any CPU = Release|Any CPU
	EndGlobalSection
	GlobalSection(ProjectConfigurationPlatforms) = postSolution
		{95D39ECA-9A74-2C75-61F3-F3EA208E50D3}.Debug|Any CPU.ActiveCfg = Debug|Any CPU
		{95D39ECA-9A74-2C75-61F3-F3EA208E50D3}.Debug|Any CPU.Build.0 = Debug|Any CPU
		{95D39ECA-9A74-2C75-61F3-F3EA208E50D3}.Release|Any CPU.ActiveCfg = Release|Any CPU
		{95D39ECA-9A74-2C75-61F3-F3EA208E50D3}.Release|Any CPU.Build.0 = Release|Any CPU
		{6095F02C-E875-EDD9-4056-A3A740441442}.Debug|Any CPU.ActiveCfg = Debug|Any CPU
		{6095F02C-E875-EDD9-4056-A3A740441442}.Debug|Any CPU.Build.0 = Debug|Any CPU
		{6095F02C-E875-EDD9-4056-A3A740441442}.Release|Any CPU.ActiveCfg = Release|Any CPU
		{6095F02C-E875-EDD9-4056-A3A740441442}.Release|Any CPU.Build.0 = Release|Any CPU
		{DF1EBABE-F9D8-7574-AF4F-CF77C8235B83}.Debug|Any CPU.ActiveCfg = Debug|Any CPU
		{DF1EBABE-F9D8-7574-AF4F-CF77C8235B83}.Debug|Any CPU.Build.0 = Debug|Any CPU
		{DF1EBABE-F9D8-7574-AF4F-CF77C8235B83}.Release|Any CPU.ActiveCfg = Release|Any CPU
		{DF1EBABE-F9D8-7574-AF4F-CF77C8235B83}.Release|Any CPU.Build.0 = Release|Any CPU
	EndGlobalSection
	GlobalSection(SolutionProperties) = preSolution
		HideSolutionNode = FALSE
	EndGlobalSection
	GlobalSection(MonoDevelopProperties) = preSolution
		StartupItem = Assembly-CSharp.csproj
	EndGlobalSection
EndGlobal
