
Microsoft Visual Studio Solution File, Format Version 12.00
# Visual Studio 15
Project("{FAE04EC0-301F-11D3-BF4B-00C04F79EFBC}") = "HayamaKurose", "HayamaKurose.csproj", "{BBEAFB7E-C2DD-1930-782F-370CFA4B4536}"
EndProject
Global
	GlobalSection(SolutionConfigurationPlatforms) = preSolution
		Debug|Any CPU = Debug|Any CPU
		Release|Any CPU = Release|Any CPU
	EndGlobalSection
	GlobalSection(ProjectConfigurationPlatforms) = postSolution
		{BBEAFB7E-C2DD-1930-782F-370CFA4B4536}.Debug|Any CPU.ActiveCfg = Debug|Any CPU
		{BBEAFB7E-C2DD-1930-782F-370CFA4B4536}.Debug|Any CPU.Build.0 = Debug|Any CPU
		{BBEAFB7E-C2DD-1930-782F-370CFA4B4536}.Release|Any CPU.ActiveCfg = Release|Any CPU
		{BBEAFB7E-C2DD-1930-782F-370CFA4B4536}.Release|Any CPU.Build.0 = Release|Any CPU
	EndGlobalSection
	GlobalSection(SolutionProperties) = preSolution
		HideSolutionNode = FALSE
	EndGlobalSection
EndGlobal
